{
    "version": 3,
    "terraform_version": "0.11.10",
    "serial": 4,
    "lineage": "92262599-c9b2-e13c-30f1-62607c5327fc",
    "modules": [
        {
            "path": [
                "root"
            ],
            "outputs": {},
            "resources": {
                "google_compute_firewall.http": {
                    "type": "google_compute_firewall",
                    "depends_on": [
                        "google_compute_network.default"
                    ],
                    "primary": {
                        "id": "internal-net-firewall-http",
                        "attributes": {
                            "allow.#": "1",
                            "allow.272637744.ports.#": "1",
                            "allow.272637744.ports.0": "80",
                            "allow.272637744.protocol": "tcp",
                            "creation_timestamp": "2019-03-17T11:19:42.302-07:00",
                            "deny.#": "0",
                            "description": "",
                            "destination_ranges.#": "0",
                            "direction": "INGRESS",
                            "disabled": "false",
                            "id": "internal-net-firewall-http",
                            "name": "internal-net-firewall-http",
                            "network": "https://www.googleapis.com/compute/v1/projects/devlab-234806/global/networks/default",
                            "priority": "1000",
                            "project": "devlab-234806",
                            "self_link": "https://www.googleapis.com/compute/v1/projects/devlab-234806/global/firewalls/internal-net-firewall-http",
                            "source_ranges.#": "1",
                            "source_ranges.1080289494": "0.0.0.0/0",
                            "source_service_accounts.#": "0",
                            "source_tags.#": "0",
                            "target_service_accounts.#": "0",
                            "target_tags.#": "1",
                            "target_tags.365508689": "web"
                        },
                        "meta": {
                            "e2bfb730-ecaa-11e6-8f88-34363bc7c4c0": {
                                "create": 240000000000,
                                "delete": 240000000000,
                                "update": 240000000000
                            },
                            "schema_version": "1"
                        },
                        "tainted": false
                    },
                    "deposed": [],
                    "provider": "provider.google"
                },
                "google_compute_firewall.icmp": {
                    "type": "google_compute_firewall",
                    "depends_on": [
                        "google_compute_network.default"
                    ],
                    "primary": {
                        "id": "internal-net-firewall-icmp",
                        "attributes": {
                            "allow.#": "1",
                            "allow.1367131964.ports.#": "0",
                            "allow.1367131964.protocol": "icmp",
                            "creation_timestamp": "2019-03-17T11:19:42.402-07:00",
                            "deny.#": "0",
                            "description": "",
                            "destination_ranges.#": "0",
                            "direction": "INGRESS",
                            "disabled": "false",
                            "id": "internal-net-firewall-icmp",
                            "name": "internal-net-firewall-icmp",
                            "network": "https://www.googleapis.com/compute/v1/projects/devlab-234806/global/networks/default",
                            "priority": "1000",
                            "project": "devlab-234806",
                            "self_link": "https://www.googleapis.com/compute/v1/projects/devlab-234806/global/firewalls/internal-net-firewall-icmp",
                            "source_ranges.#": "1",
                            "source_ranges.1080289494": "0.0.0.0/0",
                            "source_service_accounts.#": "0",
                            "source_tags.#": "0",
                            "target_service_accounts.#": "0",
                            "target_tags.#": "0"
                        },
                        "meta": {
                            "e2bfb730-ecaa-11e6-8f88-34363bc7c4c0": {
                                "create": 240000000000,
                                "delete": 240000000000,
                                "update": 240000000000
                            },
                            "schema_version": "1"
                        },
                        "tainted": false
                    },
                    "deposed": [],
                    "provider": "provider.google"
                },
                "google_compute_firewall.ssh": {
                    "type": "google_compute_firewall",
                    "depends_on": [
                        "google_compute_network.default"
                    ],
                    "primary": {
                        "id": "internal-net-firewall-ssh",
                        "attributes": {
                            "allow.#": "1",
                            "allow.803338340.ports.#": "1",
                            "allow.803338340.ports.0": "22",
                            "allow.803338340.protocol": "tcp",
                            "creation_timestamp": "2019-03-17T11:19:42.407-07:00",
                            "deny.#": "0",
                            "description": "",
                            "destination_ranges.#": "0",
                            "direction": "INGRESS",
                            "disabled": "false",
                            "id": "internal-net-firewall-ssh",
                            "name": "internal-net-firewall-ssh",
                            "network": "https://www.googleapis.com/compute/v1/projects/devlab-234806/global/networks/default",
                            "priority": "1000",
                            "project": "devlab-234806",
                            "self_link": "https://www.googleapis.com/compute/v1/projects/devlab-234806/global/firewalls/internal-net-firewall-ssh",
                            "source_ranges.#": "1",
                            "source_ranges.1080289494": "0.0.0.0/0",
                            "source_service_accounts.#": "0",
                            "source_tags.#": "0",
                            "target_service_accounts.#": "0",
                            "target_tags.#": "0"
                        },
                        "meta": {
                            "e2bfb730-ecaa-11e6-8f88-34363bc7c4c0": {
                                "create": 240000000000,
                                "delete": 240000000000,
                                "update": 240000000000
                            },
                            "schema_version": "1"
                        },
                        "tainted": false
                    },
                    "deposed": [],
                    "provider": "provider.google"
                },
                "google_compute_instance.frontend": {
                    "type": "google_compute_instance",
                    "depends_on": [],
                    "primary": {
                        "id": "labfloor",
                        "attributes": {
                            "attached_disk.#": "0",
                            "boot_disk.#": "1",
                            "boot_disk.0.auto_delete": "true",
                            "boot_disk.0.device_name": "persistent-disk-0",
                            "boot_disk.0.disk_encryption_key_raw": "",
                            "boot_disk.0.disk_encryption_key_sha256": "",
                            "boot_disk.0.initialize_params.#": "1",
                            "boot_disk.0.initialize_params.0.image": "https://www.googleapis.com/compute/v1/projects/ubuntu-os-cloud/global/images/ubuntu-1604-xenial-v20190306",
                            "boot_disk.0.initialize_params.0.size": "10",
                            "boot_disk.0.initialize_params.0.type": "pd-standard",
                            "boot_disk.0.source": "https://www.googleapis.com/compute/v1/projects/devlab-234806/zones/us-west2-a/disks/labfloor",
                            "can_ip_forward": "false",
                            "cpu_platform": "Intel Skylake",
                            "deletion_protection": "false",
                            "guest_accelerator.#": "0",
                            "hostname": "",
                            "id": "labfloor",
                            "instance_id": "8243385713272500584",
                            "label_fingerprint": "42WmSpB8rSM=",
                            "labels.%": "0",
                            "machine_type": "f1-micro",
                            "metadata.%": "1",
                            "metadata.sshKeys": "marcusxhim:ssh-rsa AAAAB3NzaC1yc2EAAAADAQABAAACAQC+DLXApk0EBeHPCnD2YFFPqMYJLcNT3gZOFlQ6IxDqTcw6RJeQoN5pJrk9HRZ5m8Wl42mijzifB958tJeh9oujdK/7DvyOQG2DG0SvvEnWiZAFR3dK+5+bOb+RCPoAHCXN6i6tnOWM7OLM6Zwi4AAwkbgRqQ73xs4pC0O+LRSUCg+OwRhoAQqZvvAPz4nCu+kzUiJi+1fdOIP3VuK+eEsjdWpx00Op+xTmPNFRDih2sNo2PcOrD0qLTclKXZ26N5inE0tx9iFde0N/cc/97imQ/n+Q6e6WWoDkrQi7C0PbELg9mZb1uqrze+Nxz1so3GfGICBLUws98Z/My7tXwa8WzDt48k2FhM6kSwyf4Y0IA39WqfvWhec3bg87axnujjNX+95LFcUnUduA5IL4/LrTP4TRtfmsvxVZ1d3KMEf1DoSV8Kf8HnbJ88dLfgzY9YQHAbS+/VA47oCl1J9cK1ta2pHPgp9dgG6dC79cDRRCwXL+Sm3SNv3lW1HUPPIShqgbs05+HgkAB+Ol6eB1sDxEZRmibpI1q1qFbz+8SUfqirzz/L5vdB1EuqUsAC9QiifFFhJkac7365z8JQ4L3L+ri+d8hv0zGbwG09zVPcEB8PGxwDpNmyAN0sTzPQFf+mIKKZsXCFTAgxxxUtr8Ta8SSSca+7bQVvr5q+Z/SgaBnQ== mguttenplan@mguttenplan-mac\n",
                            "metadata_fingerprint": "bTeGmt9AHEc=",
                            "metadata_startup_script": "",
                            "min_cpu_platform": "",
                            "name": "labfloor",
                            "network_interface.#": "1",
                            "network_interface.0.access_config.#": "1",
                            "network_interface.0.access_config.0.assigned_nat_ip": "",
                            "network_interface.0.access_config.0.nat_ip": "35.236.3.110",
                            "network_interface.0.access_config.0.network_tier": "PREMIUM",
                            "network_interface.0.access_config.0.public_ptr_domain_name": "",
                            "network_interface.0.address": "",
                            "network_interface.0.alias_ip_range.#": "0",
                            "network_interface.0.name": "nic0",
                            "network_interface.0.network": "https://www.googleapis.com/compute/v1/projects/devlab-234806/global/networks/default",
                            "network_interface.0.network_ip": "10.168.0.14",
                            "network_interface.0.subnetwork": "https://www.googleapis.com/compute/v1/projects/devlab-234806/regions/us-west2/subnetworks/default",
                            "network_interface.0.subnetwork_project": "devlab-234806",
                            "project": "devlab-234806",
                            "scheduling.#": "1",
                            "scheduling.0.automatic_restart": "true",
                            "scheduling.0.on_host_maintenance": "MIGRATE",
                            "scheduling.0.preemptible": "false",
                            "scratch_disk.#": "0",
                            "self_link": "https://www.googleapis.com/compute/v1/projects/devlab-234806/zones/us-west2-a/instances/labfloor",
                            "service_account.#": "1",
                            "service_account.0.email": "322921318461-compute@developer.gserviceaccount.com",
                            "service_account.0.scopes.#": "3",
                            "service_account.0.scopes.1632638332": "https://www.googleapis.com/auth/devstorage.read_only",
                            "service_account.0.scopes.2428168921": "https://www.googleapis.com/auth/userinfo.email",
                            "service_account.0.scopes.2862113455": "https://www.googleapis.com/auth/compute.readonly",
                            "tags.#": "3",
                            "tags.1641460164": "lab",
                            "tags.292811013": "dev",
                            "tags.988335155": "http-server",
                            "tags_fingerprint": "cTQlObjVTdo=",
                            "zone": "us-west2-a"
                        },
                        "meta": {
                            "e2bfb730-ecaa-11e6-8f88-34363bc7c4c0": {
                                "create": 360000000000,
                                "delete": 360000000000,
                                "update": 360000000000
                            },
                            "schema_version": "6"
                        },
                        "tainted": false
                    },
                    "deposed": [],
                    "provider": "provider.google"
                },
                "google_compute_network.default": {
                    "type": "google_compute_network",
                    "depends_on": [],
                    "primary": {
                        "id": "internal-net",
                        "attributes": {
                            "auto_create_subnetworks": "true",
                            "description": "",
                            "gateway_ipv4": "",
                            "id": "internal-net",
                            "ipv4_range": "",
                            "name": "internal-net",
                            "project": "devlab-234806",
                            "routing_mode": "REGIONAL",
                            "self_link": "https://www.googleapis.com/compute/v1/projects/devlab-234806/global/networks/internal-net"
                        },
                        "meta": {
                            "e2bfb730-ecaa-11e6-8f88-34363bc7c4c0": {
                                "create": 240000000000,
                                "delete": 240000000000,
                                "update": 240000000000
                            }
                        },
                        "tainted": false
                    },
                    "deposed": [],
                    "provider": "provider.google"
                },
                "google_dns_managed_zone.preview-dns-zone": {
                    "type": "google_dns_managed_zone",
                    "depends_on": [],
                    "primary": {
                        "id": "sparks-preview-zone",
                        "attributes": {
                            "description": "sparks-interactive.com DNS zone",
                            "dns_name": "sparks-interactive.com.",
                            "id": "sparks-preview-zone",
                            "labels.%": "0",
                            "name": "sparks-preview-zone",
                            "name_servers.#": "4",
                            "name_servers.0": "ns-cloud-a1.googledomains.com.",
                            "name_servers.1": "ns-cloud-a2.googledomains.com.",
                            "name_servers.2": "ns-cloud-a3.googledomains.com.",
                            "name_servers.3": "ns-cloud-a4.googledomains.com.",
                            "project": "devlab-234806"
                        },
                        "meta": {
                            "e2bfb730-ecaa-11e6-8f88-34363bc7c4c0": {
                                "create": 240000000000,
                                "delete": 240000000000,
                                "update": 240000000000
                            }
                        },
                        "tainted": false
                    },
                    "deposed": [],
                    "provider": "provider.google"
                },
                "google_dns_record_set.dev-dns-record": {
                    "type": "google_dns_record_set",
                    "depends_on": [
                        "google_compute_instance.frontend",
                        "google_dns_managed_zone.preview-dns-zone"
                    ],
                    "primary": {
                        "id": "sparks-preview-zone/dev.sparks-interactive.com./A",
                        "attributes": {
                            "id": "sparks-preview-zone/dev.sparks-interactive.com./A",
                            "managed_zone": "sparks-preview-zone",
                            "name": "dev.sparks-interactive.com.",
                            "project": "devlab-234806",
                            "rrdatas.#": "1",
                            "rrdatas.0": "35.236.3.110",
                            "ttl": "300",
                            "type": "A"
                        },
                        "meta": {},
                        "tainted": false
                    },
                    "deposed": [],
                    "provider": "provider.google"
                },
                "google_dns_record_set.preview-dns-record": {
                    "type": "google_dns_record_set",
                    "depends_on": [
                        "google_compute_instance.frontend",
                        "google_dns_managed_zone.preview-dns-zone"
                    ],
                    "primary": {
                        "id": "sparks-preview-zone/sparks-interactive.com./A",
                        "attributes": {
                            "id": "sparks-preview-zone/sparks-interactive.com./A",
                            "managed_zone": "sparks-preview-zone",
                            "name": "sparks-interactive.com.",
                            "project": "devlab-234806",
                            "rrdatas.#": "1",
                            "rrdatas.0": "35.236.3.110",
                            "ttl": "300",
                            "type": "A"
                        },
                        "meta": {},
                        "tainted": false
                    },
                    "deposed": [],
                    "provider": "provider.google"
                },
                "google_dns_record_set.prod-dns-record": {
                    "type": "google_dns_record_set",
                    "depends_on": [
                        "google_compute_instance.frontend",
                        "google_dns_managed_zone.preview-dns-zone"
                    ],
                    "primary": {
                        "id": "sparks-preview-zone/prod.sparks-interactive.com./A",
                        "attributes": {
                            "id": "sparks-preview-zone/prod.sparks-interactive.com./A",
                            "managed_zone": "sparks-preview-zone",
                            "name": "prod.sparks-interactive.com.",
                            "project": "devlab-234806",
                            "rrdatas.#": "1",
                            "rrdatas.0": "35.236.3.110",
                            "ttl": "300",
                            "type": "A"
                        },
                        "meta": {},
                        "tainted": false
                    },
                    "deposed": [],
                    "provider": "provider.google"
                }
            },
            "depends_on": []
        }
    ]
}
