{
  "requires": true,
  "lockfileVersion": 1,
  "dependencies": {
    "btoa": {
      "version": "1.2.1",
      "resolved": "https://registry.npmjs.org/btoa/-/btoa-1.2.1.tgz",
      "integrity": "sha512-SB4/MIGlsiVkMcHmT+pSmIPoNDoHg+7cMzmt3Uxt628MTz2487DKSqK/fuhFBrkuqrYv5UCEnACpF4dTFNKc/g=="
    },
    "phidget22": {
      "version": "2.0.11",
      "resolved": "https://registry.npmjs.org/phidget22/-/phidget22-2.0.11.tgz",
      "integrity": "sha512-OnL5SPAGhBeXCHthj++nzbnhK8ez7FhMFGAfk9r0OUO7NYngj/Up0CmhHBTXhGVvLkIisY58UgUEauNz7GgxlA==",
      "requires": {
        "btoa": "^1.1.2"
      }
    }
  }
}
