{
  "version": 4,
  "terraform_version": "0.12.8",
  "serial": 84,
  "lineage": "62f9e681-278e-48f9-3947-9b2d2c3d6dc8",
  "outputs": {},
  "resources": [
    {
      "mode": "managed",
      "type": "google_compute_firewall",
      "name": "allow-internal",
      "provider": "provider.google",
      "instances": [
        {
          "schema_version": 1,
          "attributes": {
            "allow": [
              {
                "ports": [
                  "0-65535"
                ],
                "protocol": "tcp"
              },
              {
                "ports": [
                  "0-65535"
                ],
                "protocol": "udp"
              },
              {
                "ports": [],
                "protocol": "icmp"
              }
            ],
            "creation_timestamp": "2019-09-12T15:31:48.449-07:00",
            "deny": [],
            "description": "",
            "destination_ranges": [],
            "direction": "INGRESS",
            "disabled": false,
            "id": "sparks-interactive-internal-net-fw-allow-internal",
            "name": "sparks-interactive-internal-net-fw-allow-internal",
            "network": "https://www.googleapis.com/compute/v1/projects/next19-industry-healthcare/global/networks/sparks-interactive-internal-net",
            "priority": 1000,
            "project": "next19-industry-healthcare",
            "self_link": "https://www.googleapis.com/compute/v1/projects/next19-industry-healthcare/global/firewalls/sparks-interactive-internal-net-fw-allow-internal",
            "source_ranges": [
              "10.127.0.0/20"
            ],
            "source_service_accounts": [],
            "source_tags": [],
            "target_service_accounts": [],
            "target_tags": [],
            "timeouts": null
          },
          "private": "eyJlMmJmYjczMC1lY2FhLTExZTYtOGY4OC0zNDM2M2JjN2M0YzAiOnsiY3JlYXRlIjoyNDAwMDAwMDAwMDAsImRlbGV0ZSI6MjQwMDAwMDAwMDAwLCJ1cGRhdGUiOjI0MDAwMDAwMDAwMH0sInNjaGVtYV92ZXJzaW9uIjoiMSJ9",
          "depends_on": [
            "google_compute_network.default",
            "google_compute_subnetwork.default"
          ]
        }
      ]
    },
    {
      "mode": "managed",
      "type": "google_compute_firewall",
      "name": "icmp",
      "provider": "provider.google",
      "instances": [
        {
          "schema_version": 1,
          "attributes": {
            "allow": [
              {
                "ports": [],
                "protocol": "icmp"
              }
            ],
            "creation_timestamp": "2019-09-12T15:31:21.823-07:00",
            "deny": [],
            "description": "",
            "destination_ranges": [],
            "direction": "INGRESS",
            "disabled": false,
            "id": "sparks-interactive-internal-net-firewall-icmp",
            "name": "sparks-interactive-internal-net-firewall-icmp",
            "network": "https://www.googleapis.com/compute/v1/projects/next19-industry-healthcare/global/networks/sparks-interactive-internal-net",
            "priority": 1000,
            "project": "next19-industry-healthcare",
            "self_link": "https://www.googleapis.com/compute/v1/projects/next19-industry-healthcare/global/firewalls/sparks-interactive-internal-net-firewall-icmp",
            "source_ranges": [
              "0.0.0.0/0"
            ],
            "source_service_accounts": [],
            "source_tags": [],
            "target_service_accounts": [],
            "target_tags": [],
            "timeouts": null
          },
          "private": "eyJlMmJmYjczMC1lY2FhLTExZTYtOGY4OC0zNDM2M2JjN2M0YzAiOnsiY3JlYXRlIjoyNDAwMDAwMDAwMDAsImRlbGV0ZSI6MjQwMDAwMDAwMDAwLCJ1cGRhdGUiOjI0MDAwMDAwMDAwMH0sInNjaGVtYV92ZXJzaW9uIjoiMSJ9",
          "depends_on": [
            "google_compute_network.default"
          ]
        }
      ]
    },
    {
      "mode": "managed",
      "type": "google_compute_firewall",
      "name": "ssh",
      "provider": "provider.google",
      "instances": [
        {
          "schema_version": 1,
          "attributes": {
            "allow": [
              {
                "ports": [
                  "22"
                ],
                "protocol": "tcp"
              }
            ],
            "creation_timestamp": "2019-09-12T15:31:21.727-07:00",
            "deny": [],
            "description": "",
            "destination_ranges": [],
            "direction": "INGRESS",
            "disabled": false,
            "id": "sparks-interactive-internal-net-firewall-ssh",
            "name": "sparks-interactive-internal-net-firewall-ssh",
            "network": "https://www.googleapis.com/compute/v1/projects/next19-industry-healthcare/global/networks/sparks-interactive-internal-net",
            "priority": 1000,
            "project": "next19-industry-healthcare",
            "self_link": "https://www.googleapis.com/compute/v1/projects/next19-industry-healthcare/global/firewalls/sparks-interactive-internal-net-firewall-ssh",
            "source_ranges": [
              "0.0.0.0/0"
            ],
            "source_service_accounts": [],
            "source_tags": [],
            "target_service_accounts": [],
            "target_tags": [],
            "timeouts": null
          },
          "private": "eyJlMmJmYjczMC1lY2FhLTExZTYtOGY4OC0zNDM2M2JjN2M0YzAiOnsiY3JlYXRlIjoyNDAwMDAwMDAwMDAsImRlbGV0ZSI6MjQwMDAwMDAwMDAwLCJ1cGRhdGUiOjI0MDAwMDAwMDAwMH0sInNjaGVtYV92ZXJzaW9uIjoiMSJ9",
          "depends_on": [
            "google_compute_network.default"
          ]
        }
      ]
    },
    {
      "mode": "managed",
      "type": "google_compute_global_address",
      "name": "private_ip_address",
      "provider": "provider.google",
      "instances": [
        {
          "schema_version": 0,
          "attributes": {
            "address": "10.182.0.0",
            "address_type": "INTERNAL",
            "creation_timestamp": "2019-09-12T15:31:21.790-07:00",
            "description": "",
            "id": "sparks-interactive-internal-net",
            "ip_version": "",
            "name": "sparks-interactive-internal-net",
            "network": "https://www.googleapis.com/compute/v1/projects/next19-industry-healthcare/global/networks/sparks-interactive-internal-net",
            "prefix_length": 16,
            "project": "next19-industry-healthcare",
            "purpose": "VPC_PEERING",
            "self_link": "https://www.googleapis.com/compute/v1/projects/next19-industry-healthcare/global/addresses/sparks-interactive-internal-net",
            "timeouts": null
          },
          "private": "eyJlMmJmYjczMC1lY2FhLTExZTYtOGY4OC0zNDM2M2JjN2M0YzAiOnsiY3JlYXRlIjoyNDAwMDAwMDAwMDAsImRlbGV0ZSI6MjQwMDAwMDAwMDAwfX0=",
          "depends_on": [
            "google_compute_network.default"
          ]
        }
      ]
    },
    {
      "mode": "managed",
      "type": "google_compute_instance",
      "name": "frontend",
      "provider": "provider.google",
      "instances": [
        {
          "schema_version": 6,
          "attributes": {
            "allow_stopping_for_update": null,
            "attached_disk": [],
            "boot_disk": [
              {
                "auto_delete": true,
                "device_name": "persistent-disk-0",
                "disk_encryption_key_raw": "",
                "disk_encryption_key_sha256": "",
                "initialize_params": [
                  {
                    "image": "https://www.googleapis.com/compute/v1/projects/ubuntu-os-cloud/global/images/ubuntu-1604-xenial-v20190903",
                    "labels": {},
                    "size": 10,
                    "type": "pd-standard"
                  }
                ],
                "kms_key_self_link": "",
                "source": "https://www.googleapis.com/compute/v1/projects/next19-industry-healthcare/zones/us-central1-a/disks/sparks-interactive"
              }
            ],
            "can_ip_forward": false,
            "cpu_platform": "Intel Haswell",
            "deletion_protection": false,
            "description": "",
            "disk": [],
            "guest_accelerator": [],
            "hostname": "",
            "id": "sparks-interactive",
            "instance_id": "8190866041456785850",
            "label_fingerprint": "42WmSpB8rSM=",
            "labels": {},
            "machine_type": "f1-micro",
            "metadata": {
              "sshKeys": "mguttenplan:ssh-rsa AAAAB3NzaC1yc2EAAAADAQABAAACAQC+DLXApk0EBeHPCnD2YFFPqMYJLcNT3gZOFlQ6IxDqTcw6RJeQoN5pJrk9HRZ5m8Wl42mijzifB958tJeh9oujdK/7DvyOQG2DG0SvvEnWiZAFR3dK+5+bOb+RCPoAHCXN6i6tnOWM7OLM6Zwi4AAwkbgRqQ73xs4pC0O+LRSUCg+OwRhoAQqZvvAPz4nCu+kzUiJi+1fdOIP3VuK+eEsjdWpx00Op+xTmPNFRDih2sNo2PcOrD0qLTclKXZ26N5inE0tx9iFde0N/cc/97imQ/n+Q6e6WWoDkrQi7C0PbELg9mZb1uqrze+Nxz1so3GfGICBLUws98Z/My7tXwa8WzDt48k2FhM6kSwyf4Y0IA39WqfvWhec3bg87axnujjNX+95LFcUnUduA5IL4/LrTP4TRtfmsvxVZ1d3KMEf1DoSV8Kf8HnbJ88dLfgzY9YQHAbS+/VA47oCl1J9cK1ta2pHPgp9dgG6dC79cDRRCwXL+Sm3SNv3lW1HUPPIShqgbs05+HgkAB+Ol6eB1sDxEZRmibpI1q1qFbz+8SUfqirzz/L5vdB1EuqUsAC9QiifFFhJkac7365z8JQ4L3L+ri+d8hv0zGbwG09zVPcEB8PGxwDpNmyAN0sTzPQFf+mIKKZsXCFTAgxxxUtr8Ta8SSSca+7bQVvr5q+Z/SgaBnQ== mguttenplan@mguttenplan-mac\n \nmguttenplan:ssh-rsa AAAAB3NzaC1yc2EAAAADAQABAAACAQDcedBRmIDIZcvdH0Z9cmAcZCbdIEgsQ9fE5qB4YyhdoBtuWQ+UKZliel8I9djOwI4/ZinI3x2UzkdkIuGHru12YtQidnWe9Rqo7EHsPhFdnIIQZckpxAhRFBWfUT9qCLpvc8KNrInyU9j8L5K6GLoCSBpvxWbOxyvVbE3klhmqI6lKvsA30hQced0kFNxewkvKSKCdo6Hbd/jjFst7qhIIJrU+X0GQN2Ub2EAPlqhOcfr7XA1UCsuVcIob6mfdvTCAXOtrU2SigcPDz7Swd1nbxhoobkUipruRouDz44L8otrxPj+lOQkutysHnDXXOTjAc+fgNfrcrXtnStYlrAp2cmqiNvTVXesyWYRpa/gZh/VbuZj+MZctAKWQwhPEXKHWnKGFYooQKRAs4NJ0QyKyLfwxWSDs4GagSN3BKVvY236uWbfKWljMK+wzhbwug6aMGxuomNvuTXg0B/TOB893Fgdhw4jVmZaHukYLEb1Z7uRy4MRwVlc11EQ6BweGcTWvBzBYDRkPHSwkzpwvN69VqjDHMMn/bNmXEni2aWuV+k2RoZkdu2srijLwC2BLMWv2wg8YA+K7AKTa9oR0CqY1fAM4jcntx04cbhSxo00YSkEtQinKyxeKtwqUeYQa89KNuxKi4/J9RIMCWbuPcqLKfmqZzr9Rja9riLrkHK6mGQ== mguttenplan@mguttenplan-mac\n"
            },
            "metadata_fingerprint": "a-UB-TaIh-Q=",
            "metadata_startup_script": "",
            "min_cpu_platform": "",
            "name": "sparks-interactive",
            "network_interface": [
              {
                "access_config": [
                  {
                    "assigned_nat_ip": "",
                    "nat_ip": "34.70.138.236",
                    "network_tier": "PREMIUM",
                    "public_ptr_domain_name": ""
                  }
                ],
                "address": "",
                "alias_ip_range": [],
                "name": "nic0",
                "network": "https://www.googleapis.com/compute/v1/projects/next19-industry-healthcare/global/networks/sparks-interactive-internal-net",
                "network_ip": "10.127.0.2",
                "subnetwork": "https://www.googleapis.com/compute/v1/projects/next19-industry-healthcare/regions/us-central1/subnetworks/sparks-interactive-internal-net-sub",
                "subnetwork_project": "next19-industry-healthcare"
              }
            ],
            "project": "next19-industry-healthcare",
            "scheduling": [
              {
                "automatic_restart": true,
                "node_affinities": [],
                "on_host_maintenance": "MIGRATE",
                "preemptible": false
              }
            ],
            "scratch_disk": [],
            "self_link": "https://www.googleapis.com/compute/v1/projects/next19-industry-healthcare/zones/us-central1-a/instances/sparks-interactive",
            "service_account": [
              {
                "email": "397364052654-compute@developer.gserviceaccount.com",
                "scopes": [
                  "https://www.googleapis.com/auth/cloud-platform"
                ]
              }
            ],
            "shielded_instance_config": [],
            "tags": [
              "dev",
              "internal",
              "lab",
              "ssh"
            ],
            "tags_fingerprint": "b37gzHfbcUY=",
            "timeouts": null,
            "zone": "us-central1-a"
          },
          "private": "eyJlMmJmYjczMC1lY2FhLTExZTYtOGY4OC0zNDM2M2JjN2M0YzAiOnsiY3JlYXRlIjoxMjAwMDAwMDAwMDAwLCJkZWxldGUiOjEyMDAwMDAwMDAwMDAsInVwZGF0ZSI6MTIwMDAwMDAwMDAwMH0sInNjaGVtYV92ZXJzaW9uIjoiNiJ9",
          "depends_on": [
            "google_compute_network.default",
            "google_compute_subnetwork.default"
          ]
        }
      ]
    },
    {
      "mode": "managed",
      "type": "google_compute_network",
      "name": "default",
      "provider": "provider.google",
      "instances": [
        {
          "schema_version": 0,
          "attributes": {
            "auto_create_subnetworks": false,
            "delete_default_routes_on_create": false,
            "description": "",
            "gateway_ipv4": "",
            "id": "sparks-interactive-internal-net",
            "ipv4_range": "",
            "name": "sparks-interactive-internal-net",
            "project": "next19-industry-healthcare",
            "routing_mode": "REGIONAL",
            "self_link": "https://www.googleapis.com/compute/v1/projects/next19-industry-healthcare/global/networks/sparks-interactive-internal-net",
            "timeouts": null
          },
          "private": "eyJlMmJmYjczMC1lY2FhLTExZTYtOGY4OC0zNDM2M2JjN2M0YzAiOnsiY3JlYXRlIjoyNDAwMDAwMDAwMDAsImRlbGV0ZSI6MjQwMDAwMDAwMDAwLCJ1cGRhdGUiOjI0MDAwMDAwMDAwMH19"
        }
      ]
    },
    {
      "mode": "managed",
      "type": "google_compute_subnetwork",
      "name": "default",
      "provider": "provider.google",
      "instances": [
        {
          "schema_version": 0,
          "attributes": {
            "creation_timestamp": "2019-09-12T15:31:22.020-07:00",
            "description": "",
            "enable_flow_logs": false,
            "fingerprint": "fwwOVOZbEys=",
            "gateway_address": "10.127.0.1",
            "id": "us-central1/sparks-interactive-internal-net-sub",
            "ip_cidr_range": "10.127.0.0/20",
            "name": "sparks-interactive-internal-net-sub",
            "network": "https://www.googleapis.com/compute/v1/projects/next19-industry-healthcare/global/networks/sparks-interactive-internal-net",
            "private_ip_google_access": true,
            "project": "next19-industry-healthcare",
            "region": "us-central1",
            "secondary_ip_range": [],
            "self_link": "https://www.googleapis.com/compute/v1/projects/next19-industry-healthcare/regions/us-central1/subnetworks/sparks-interactive-internal-net-sub",
            "timeouts": null
          },
          "private": "eyJlMmJmYjczMC1lY2FhLTExZTYtOGY4OC0zNDM2M2JjN2M0YzAiOnsiY3JlYXRlIjozNjAwMDAwMDAwMDAsImRlbGV0ZSI6MzYwMDAwMDAwMDAwLCJ1cGRhdGUiOjM2MDAwMDAwMDAwMH19",
          "depends_on": [
            "google_compute_network.default"
          ]
        }
      ]
    },
    {
      "mode": "managed",
      "type": "google_dns_managed_zone",
      "name": "preview-dns-zone",
      "provider": "provider.google",
      "instances": [
        {
          "schema_version": 0,
          "attributes": {
            "description": "sparks-interactive.com DNS zone",
            "dns_name": "sparks-interactive.com.",
            "dnssec_config": [],
            "id": "sparks-interactive-zone",
            "labels": {},
            "name": "sparks-interactive-zone",
            "name_servers": [
              "ns-cloud-a1.googledomains.com.",
              "ns-cloud-a2.googledomains.com.",
              "ns-cloud-a3.googledomains.com.",
              "ns-cloud-a4.googledomains.com."
            ],
            "private_visibility_config": [],
            "project": "next19-industry-healthcare",
            "timeouts": null,
            "visibility": "public"
          },
          "private": "eyJlMmJmYjczMC1lY2FhLTExZTYtOGY4OC0zNDM2M2JjN2M0YzAiOnsiY3JlYXRlIjoyNDAwMDAwMDAwMDAsImRlbGV0ZSI6MjQwMDAwMDAwMDAwLCJ1cGRhdGUiOjI0MDAwMDAwMDAwMH19"
        }
      ]
    },
    {
      "mode": "managed",
      "type": "google_dns_record_set",
      "name": "dev-dns-record",
      "provider": "provider.google",
      "instances": [
        {
          "schema_version": 0,
          "attributes": {
            "id": "sparks-interactive-zone/dev.sparks-interactive.com./A",
            "managed_zone": "sparks-interactive-zone",
            "name": "dev.sparks-interactive.com.",
            "project": "next19-industry-healthcare",
            "rrdatas": [
              "34.70.138.236"
            ],
            "ttl": 300,
            "type": "A"
          },
          "private": "bnVsbA==",
          "depends_on": [
            "google_compute_instance.frontend",
            "google_dns_managed_zone.preview-dns-zone"
          ]
        }
      ]
    },
    {
      "mode": "managed",
      "type": "google_dns_record_set",
      "name": "preview-dns-record",
      "provider": "provider.google",
      "instances": [
        {
          "schema_version": 0,
          "attributes": {
            "id": "sparks-interactive-zone/sparks-interactive.com./A",
            "managed_zone": "sparks-interactive-zone",
            "name": "sparks-interactive.com.",
            "project": "next19-industry-healthcare",
            "rrdatas": [
              "34.70.138.236"
            ],
            "ttl": 300,
            "type": "A"
          },
          "private": "bnVsbA==",
          "depends_on": [
            "google_compute_instance.frontend",
            "google_dns_managed_zone.preview-dns-zone"
          ]
        }
      ]
    },
    {
      "mode": "managed",
      "type": "google_dns_record_set",
      "name": "prod-dns-record",
      "provider": "provider.google",
      "instances": [
        {
          "schema_version": 0,
          "attributes": {
            "id": "sparks-interactive-zone/prod.sparks-interactive.com./A",
            "managed_zone": "sparks-interactive-zone",
            "name": "prod.sparks-interactive.com.",
            "project": "next19-industry-healthcare",
            "rrdatas": [
              "34.70.138.236"
            ],
            "ttl": 300,
            "type": "A"
          },
          "private": "bnVsbA==",
          "depends_on": [
            "google_compute_instance.frontend",
            "google_dns_managed_zone.preview-dns-zone"
          ]
        }
      ]
    },
    {
      "mode": "managed",
      "type": "google_service_networking_connection",
      "name": "private_vpc_connection",
      "provider": "provider.google",
      "instances": [
        {
          "schema_version": 0,
          "attributes": {
            "id": "sparks-interactive-internal-net:servicenetworking.googleapis.com",
            "network": "sparks-interactive-internal-net",
            "peering": "servicenetworking-googleapis-com",
            "reserved_peering_ranges": [
              "sparks-interactive-internal-net"
            ],
            "service": "servicenetworking.googleapis.com"
          },
          "private": "bnVsbA==",
          "depends_on": [
            "google_compute_global_address.private_ip_address",
            "google_compute_network.default"
          ]
        }
      ]
    },
    {
      "mode": "managed",
      "type": "google_sql_database",
      "name": "psql-database",
      "provider": "provider.google",
      "instances": [
        {
          "schema_version": 0,
          "attributes": {
            "charset": "UTF8",
            "collation": "en_US.UTF8",
            "id": "psql-master-y:dev-psql",
            "instance": "psql-master-y",
            "name": "dev-psql",
            "project": "next19-industry-healthcare",
            "self_link": "https://www.googleapis.com/sql/v1beta4/projects/next19-industry-healthcare/instances/psql-master-y/databases/dev-psql",
            "timeouts": null
          },
          "private": "eyJlMmJmYjczMC1lY2FhLTExZTYtOGY4OC0zNDM2M2JjN2M0YzAiOnsiY3JlYXRlIjo5MDAwMDAwMDAwMDAsImRlbGV0ZSI6NjAwMDAwMDAwMDAwLCJ1cGRhdGUiOjYwMDAwMDAwMDAwMH19",
          "depends_on": [
            "google_sql_database_instance.psql-master"
          ]
        }
      ]
    },
    {
      "mode": "managed",
      "type": "google_sql_database_instance",
      "name": "psql-master",
      "provider": "provider.google",
      "instances": [
        {
          "schema_version": 0,
          "attributes": {
            "connection_name": "next19-industry-healthcare:us-central1:psql-master-y",
            "database_version": "POSTGRES_9_6",
            "first_ip_address": "35.239.235.62",
            "id": "psql-master-y",
            "ip_address": [
              {
                "ip_address": "35.239.235.62",
                "time_to_retire": "",
                "type": "PRIMARY"
              },
              {
                "ip_address": "10.182.0.3",
                "time_to_retire": "",
                "type": "PRIVATE"
              }
            ],
            "master_instance_name": "",
            "name": "psql-master-y",
            "private_ip_address": "10.182.0.3",
            "project": "next19-industry-healthcare",
            "public_ip_address": "35.239.235.62",
            "region": "us-central1",
            "replica_configuration": [],
            "self_link": "https://www.googleapis.com/sql/v1beta4/projects/next19-industry-healthcare/instances/psql-master-y",
            "server_ca_cert": [
              {
                "cert": "-----BEGIN CERTIFICATE-----\nMIIDfzCCAmegAwIBAgIBADANBgkqhkiG9w0BAQsFADB3MS0wKwYDVQQuEyRkYjg4\nODcxNC00MzczLTRlM2QtODlkZi1hYTM5MGZmYjYwMmYxIzAhBgNVBAMTGkdvb2ds\nZSBDbG91ZCBTUUwgU2VydmVyIENBMRQwEgYDVQQKEwtHb29nbGUsIEluYzELMAkG\nA1UEBhMCVVMwHhcNMTkwOTEyMjIzNjE4WhcNMjkwOTA5MjIzNzE4WjB3MS0wKwYD\nVQQuEyRkYjg4ODcxNC00MzczLTRlM2QtODlkZi1hYTM5MGZmYjYwMmYxIzAhBgNV\nBAMTGkdvb2dsZSBDbG91ZCBTUUwgU2VydmVyIENBMRQwEgYDVQQKEwtHb29nbGUs\nIEluYzELMAkGA1UEBhMCVVMwggEiMA0GCSqGSIb3DQEBAQUAA4IBDwAwggEKAoIB\nAQCm3hkytlvPMBBfjSjr+5Yi9dYEiV8WNDiJwQ/WR0e9B6vvbdaWjmQToy+0/kpT\nb6yhW/MUhqm21PiByeH8C9bq51AampnoQtCBzEhOlIlP5/Qxzd3T2OqpyQ07RFC1\n5eErhqclppXelUB7RtuY4uedpHj7rAkoRyzo3QewZ1A2R0rl8/AUb4ccNIceF6uk\nNlHZWBkcVjQV3VkoBvS0Oh0Se5qLQZXLBLiOt95+K2E47jdyZNnn1RPy5dtO9314\nkmh4ZigkPgP5pKjiXJCeoO3gFvab0lGudDk6nX49barTxtFyjyZzv5owxVJ3Igh3\nkgZzPspZyKJKE1u8SqpNJXstAgMBAAGjFjAUMBIGA1UdEwEB/wQIMAYBAf8CAQAw\nDQYJKoZIhvcNAQELBQADggEBAEkfdj+LqeIhbW0cQwXgIxsgJk3i0cSYKuPPKMvz\nep2QAALgtCdhEhy74Mo2XzsEj8SKpyE/MbiIhgPG5fdYGYFzfgWPyjbICy/f5myf\nvx/fxyOmadtzuXp22frAfN4qnk39BaWg5Hfkdm4YVkFYWs7T3cX69navJmliPjhi\niQosJlKYUalgDJUVIltVncA+dfd3wWXuWg7QEY4+YxEPejFS8fjm1gtiETI+IQCx\ndHJeBrRDIpslTXoPz1fOyxzynTiuWiS7EhcBENx58A7rFPqnY6lEoIxNbxJDMb8H\n/N2OWqtL9NGN63sUAg5IwUcYjXMYNcyB/jqsQW0TWTAS17U=\n-----END CERTIFICATE-----",
                "common_name": "C=US,O=Google\\, Inc,CN=Google Cloud SQL Server CA,dnQualifier=db888714-4373-4e3d-89df-aa390ffb602f",
                "create_time": "2019-09-12T22:36:18.385Z",
                "expiration_time": "2029-09-09T22:37:18.385Z",
                "sha1_fingerprint": "d1eab5063648db3467adaea043e7b1c0aafd1d84"
              }
            ],
            "service_account_email_address": "p397364052654-8i0e8j@gcp-sa-cloud-sql.iam.gserviceaccount.com",
            "settings": [
              {
                "activation_policy": "ALWAYS",
                "authorized_gae_applications": [],
                "availability_type": "",
                "backup_configuration": [
                  {
                    "binary_log_enabled": false,
                    "enabled": false,
                    "start_time": "22:00"
                  }
                ],
                "crash_safe_replication": false,
                "database_flags": [],
                "disk_autoresize": true,
                "disk_size": 10,
                "disk_type": "PD_SSD",
                "ip_configuration": [
                  {
                    "authorized_networks": [],
                    "ipv4_enabled": true,
                    "private_network": "projects/next19-industry-healthcare/global/networks/sparks-interactive-internal-net",
                    "require_ssl": false
                  }
                ],
                "location_preference": [
                  {
                    "follow_gae_application": "",
                    "zone": "us-central1-a"
                  }
                ],
                "maintenance_window": [],
                "pricing_plan": "PER_USE",
                "replication_type": "SYNCHRONOUS",
                "tier": "db-f1-micro",
                "user_labels": {},
                "version": 1
              }
            ],
            "timeouts": null
          },
          "private": "eyJlMmJmYjczMC1lY2FhLTExZTYtOGY4OC0zNDM2M2JjN2M0YzAiOnsiY3JlYXRlIjoxMjAwMDAwMDAwMDAwLCJkZWxldGUiOjEyMDAwMDAwMDAwMDAsInVwZGF0ZSI6MTIwMDAwMDAwMDAwMH19",
          "depends_on": [
            "google_compute_network.default",
            "google_compute_subnetwork.default"
          ]
        }
      ]
    },
    {
      "mode": "managed",
      "type": "google_sql_user",
      "name": "psql-users",
      "provider": "provider.google",
      "instances": [
        {
          "schema_version": 1,
          "attributes": {
            "host": "",
            "id": "postgres//psql-master-y",
            "instance": "psql-master-y",
            "name": "postgres",
            "password": "foobar",
            "project": "next19-industry-healthcare"
          },
          "private": "eyJzY2hlbWFfdmVyc2lvbiI6IjEifQ==",
          "depends_on": [
            "google_sql_database_instance.psql-master"
          ]
        }
      ]
    },
    {
      "mode": "managed",
      "type": "google_storage_bucket",
      "name": "data-store",
      "provider": "provider.google",
      "instances": [
        {
          "schema_version": 0,
          "attributes": {
            "bucket_policy_only": false,
            "cors": [],
            "encryption": [],
            "force_destroy": false,
            "id": "sparks-interactive-blobstore",
            "labels": {},
            "lifecycle_rule": [],
            "location": "US",
            "logging": [],
            "name": "sparks-interactive-blobstore",
            "predefined_acl": null,
            "project": "next19-industry-healthcare",
            "requester_pays": false,
            "retention_policy": [],
            "self_link": "https://www.googleapis.com/storage/v1/b/sparks-interactive-blobstore",
            "storage_class": "STANDARD",
            "url": "gs://sparks-interactive-blobstore",
            "versioning": [],
            "website": [
              {
                "main_page_suffix": "index.html",
                "not_found_page": "404.html"
              }
            ]
          },
          "private": "bnVsbA=="
        }
      ]
    }
  ]
}
